# This file is autogenerated, do not edit; changes may be undone by the next 'dep ensure'.


[[projects]]
  digest = "1:a62f6ed230a8cd138a9efbe718e7d0b0294f139266f5f55cd942769a9aac8de2"
  name = "github.com/PuerkitoBio/goquery"
  packages = ["."]
  pruneopts = "UT"
  revision = "dc2ec5c7ca4d9aae063b79b9f581dd3ea6afd2b2"
  version = "v1.4.1"

[[projects]]
  digest = "1:a3b104925e0eab19b521422b61db687f915eb96c4488c7074fdea989ef9a3e9a"
  name = "github.com/alecthomas/gometalinter"
  packages = ["."]
  pruneopts = "UT"
  revision = "17a7ffa42374937bfecabfb8d2efbd4db0c26741"
  version = "v2.0.11"

[[projects]]
  branch = "master"
  digest = "1:c198fdc381e898e8fb62b8eb62758195091c313ad18e52a3067366e1dda2fb3c"
  name = "github.com/alecthomas/units"
  packages = ["."]
  pruneopts = "UT"
  revision = "2efee857e7cfd4f3d0138cc3cbb1b4966962b93a"

[[projects]]
  digest = "1:66b3310cf22cdc96c35ef84ede4f7b9b370971c4025f394c89a2638729653b11"
  name = "github.com/andybalholm/cascadia"
  packages = ["."]
  pruneopts = "UT"
  revision = "901648c87902174f774fac311d7f176f8647bdaa"
  version = "v1.0.0"

[[projects]]
  branch = "master"
  digest = "1:750e747d0aad97b79f4a4e00034bae415c2ea793fd9e61438d966ee9c79579bf"
  name = "github.com/google/shlex"
  packages = ["."]
  pruneopts = "UT"
  revision = "6f45313302b9c56850fc17f99e40caebce98c716"

[[projects]]
  digest = "1:07140002dbf37da92090f731b46fa47be4820b82fe5c14a035203b0e813d0ec2"
  name = "github.com/nicksnyder/go-i18n"
  packages = [
    "i18n",
    "i18n/bundle",
    "i18n/language",
    "i18n/translation",
  ]
  pruneopts = "UT"
  revision = "0dc1626d56435e9d605a29875701721c54bc9bbd"
  version = "v1.10.0"

[[projects]]
  digest = "1:95741de3af260a92cc5c7f3f3061e85273f5a81b5db20d4bd68da74bd521675e"
  name = "github.com/pelletier/go-toml"
  packages = ["."]
  pruneopts = "UT"
  revision = "c01d1270ff3e442a8a57cddc1c92dc1138598194"
  version = "v1.2.0"

[[projects]]
  branch = "master"
  digest = "1:a5ae8f624991c4156ab2610befdbc78ea3a961473ce4846cc34342649cb81878"
  name = "golang.org/x/net"
  packages = [
    "html",
    "html/atom",
  ]
  pruneopts = "UT"
  revision = "26e67e76b6c3f6ce91f7c52def5af501b4e0f3a2"

[[projects]]
  branch = "v3-unstable"
  digest = "1:9e71973a6f518a213cbbfa8c24feab33046b2835684818cb6b2c9ea73e823639"
  name = "gopkg.in/alecthomas/kingpin.v3-unstable"
  packages = ["."]
  pruneopts = "UT"
  revision = "df19058c872cddcd279411d709047160e543a700"

[[projects]]
  digest = "1:342378ac4dcb378a5448dd723f0784ae519383532f5e70ade24132c4c8693202"
  name = "gopkg.in/yaml.v2"
  packages = ["."]
  pruneopts = "UT"
  revision = "5420a8b6744d3b0345ab293f6fcba19c978f1183"
  version = "v2.2.1"

[solve-meta]
  analyzer-name = "dep"
  analyzer-version = 1
  input-imports = [
    "github.com/PuerkitoBio/goquery",
    "github.com/alecthomas/gometalinter",
  ]
  solver-name = "gps-cdcl"
  solver-version = 1
